
Microsoft Visual Studio Solution File, Format Version 12.00
# Visual Studio 15
VisualStudioVersion = 15.0.28307.902
MinimumVisualStudioVersion = 10.0.40219.1
Project("{FAE04EC0-301F-11D3-BF4B-00C04F79EFBC}") = "Mopssys_Automation", "Mopssys_Automation\Mopssys_Automation.csproj", "{F639CEAA-AABE-41A5-971F-1F1F5323D4D9}"
EndProject
Global
	GlobalSection(SolutionConfigurationPlatforms) = preSolution
		Debug|Any CPU = Debug|Any CPU
		Release|Any CPU = Release|Any CPU
	EndGlobalSection
	GlobalSection(ProjectConfigurationPlatforms) = postSolution
		{F639CEAA-AABE-41A5-971F-1F1F5323D4D9}.Debug|Any CPU.ActiveCfg = Debug|Any CPU
		{F639CEAA-AABE-41A5-971F-1F1F5323D4D9}.Debug|Any CPU.Build.0 = Debug|Any CPU
		{F639CEAA-AABE-41A5-971F-1F1F5323D4D9}.Release|Any CPU.ActiveCfg = Release|Any CPU
		{F639CEAA-AABE-41A5-971F-1F1F5323D4D9}.Release|Any CPU.Build.0 = Release|Any CPU
	EndGlobalSection
	GlobalSection(SolutionProperties) = preSolution
		HideSolutionNode = FALSE
	EndGlobalSection
	GlobalSection(ExtensibilityGlobals) = postSolution
		SolutionGuid = {A3C5C72D-110B-4678-83D1-02F9DE8CA04A}
	EndGlobalSection
EndGlobal
